
Microsoft Visual Studio Solution File, Format Version 12.00
# Visual Studio Version 17
VisualStudioVersion = 17.11.35222.181
MinimumVisualStudioVersion = 10.0.40219.1
Project("{8BC9CEB8-8B4A-11D0-8D11-00A0C91BC942}") = "职工管理系统", "职工管理系统.vcxproj", "{9EEC19D4-FC20-4C17-9733-2A9BD259455E}"
EndProject
Global
	GlobalSection(SolutionConfigurationPlatforms) = preSolution
		Debug|x64 = Debug|x64
		Debug|x86 = Debug|x86
		Release|x64 = Release|x64
		Release|x86 = Release|x86
	EndGlobalSection
	GlobalSection(ProjectConfigurationPlatforms) = postSolution
		{9EEC19D4-FC20-4C17-9733-2A9BD259455E}.Debug|x64.ActiveCfg = Debug|x64
		{9EEC19D4-FC20-4C17-9733-2A9BD259455E}.Debug|x64.Build.0 = Debug|x64
		{9EEC19D4-FC20-4C17-9733-2A9BD259455E}.Debug|x86.ActiveCfg = Debug|Win32
		{9EEC19D4-FC20-4C17-9733-2A9BD259455E}.Debug|x86.Build.0 = Debug|Win32
		{9EEC19D4-FC20-4C17-9733-2A9BD259455E}.Release|x64.ActiveCfg = Release|x64
		{9EEC19D4-FC20-4C17-9733-2A9BD259455E}.Release|x64.Build.0 = Release|x64
		{9EEC19D4-FC20-4C17-9733-2A9BD259455E}.Release|x86.ActiveCfg = Release|Win32
		{9EEC19D4-FC20-4C17-9733-2A9BD259455E}.Release|x86.Build.0 = Release|Win32
	EndGlobalSection
	GlobalSection(SolutionProperties) = preSolution
		HideSolutionNode = FALSE
	EndGlobalSection
	GlobalSection(ExtensibilityGlobals) = postSolution
		SolutionGuid = {1FAB3D22-2473-47E5-860A-30F20177DFA0}
	EndGlobalSection
EndGlobal
